
Microsoft Visual Studio Solution File, Format Version 12.00
# Visual Studio Version 17
VisualStudioVersion = 17.14.36616.10 d17.14
MinimumVisualStudioVersion = 10.0.40219.1
Project("{FAE04EC0-301F-11D3-BF4B-00C04F79EFBC}") = "SRS1", "SRS1\SRS1.csproj", "{BD8EBC9E-CE39-475F-8A27-766C73E9B468}"
EndProject
Global
	GlobalSection(SolutionConfigurationPlatforms) = preSolution
		Debug|Any CPU = Debug|Any CPU
		Release|Any CPU = Release|Any CPU
	EndGlobalSection
	GlobalSection(ProjectConfigurationPlatforms) = postSolution
		{BD8EBC9E-CE39-475F-8A27-766C73E9B468}.Debug|Any CPU.ActiveCfg = Debug|Any CPU
		{BD8EBC9E-CE39-475F-8A27-766C73E9B468}.Debug|Any CPU.Build.0 = Debug|Any CPU
		{BD8EBC9E-CE39-475F-8A27-766C73E9B468}.Release|Any CPU.ActiveCfg = Release|Any CPU
		{BD8EBC9E-CE39-475F-8A27-766C73E9B468}.Release|Any CPU.Build.0 = Release|Any CPU
	EndGlobalSection
	GlobalSection(SolutionProperties) = preSolution
		HideSolutionNode = FALSE
	EndGlobalSection
	GlobalSection(ExtensibilityGlobals) = postSolution
		SolutionGuid = {5384254B-982B-4F3B-89B2-8EA3373573AC}
	EndGlobalSection
EndGlobal
